
Microsoft Visual Studio Solution File, Format Version 12.00
# Visual Studio 2012
Project("{FAE04EC0-301F-11D3-BF4B-00C04F79EFBC}") = "Poetry.iOS", "iOS\Poetry.iOS.csproj", "{7CE28B3F-4FE1-4886-A461-EB73D006B469}"
EndProject
Project("{FAE04EC0-301F-11D3-BF4B-00C04F79EFBC}") = "Poetry", "Poetry\Poetry.csproj", "{1C680001-4BD3-49EA-83A2-CEBF6C18388B}"
EndProject
Project("{FAE04EC0-301F-11D3-BF4B-00C04F79EFBC}") = "Poetry.Droid", "Droid\Poetry.Droid.csproj", "{2EB43338-4CE4-4D58-856F-5096622A838C}"
EndProject
Global
	GlobalSection(SolutionConfigurationPlatforms) = preSolution
		Debug|Any CPU = Debug|Any CPU
		Release|Any CPU = Release|Any CPU
		Debug|iPhoneSimulator = Debug|iPhoneSimulator
		Release|iPhone = Release|iPhone
		Release|iPhoneSimulator = Release|iPhoneSimulator
		Debug|iPhone = Debug|iPhone
	EndGlobalSection
	GlobalSection(ProjectConfigurationPlatforms) = postSolution
		{7CE28B3F-4FE1-4886-A461-EB73D006B469}.Debug|Any CPU.ActiveCfg = Debug|iPhoneSimulator
		{7CE28B3F-4FE1-4886-A461-EB73D006B469}.Debug|Any CPU.Build.0 = Debug|iPhoneSimulator
		{7CE28B3F-4FE1-4886-A461-EB73D006B469}.Release|Any CPU.ActiveCfg = Release|iPhone
		{7CE28B3F-4FE1-4886-A461-EB73D006B469}.Release|Any CPU.Build.0 = Release|iPhone
		{7CE28B3F-4FE1-4886-A461-EB73D006B469}.Debug|iPhoneSimulator.ActiveCfg = Debug|iPhoneSimulator
		{7CE28B3F-4FE1-4886-A461-EB73D006B469}.Debug|iPhoneSimulator.Build.0 = Debug|iPhoneSimulator
		{7CE28B3F-4FE1-4886-A461-EB73D006B469}.Release|iPhone.ActiveCfg = Release|iPhone
		{7CE28B3F-4FE1-4886-A461-EB73D006B469}.Release|iPhone.Build.0 = Release|iPhone
		{7CE28B3F-4FE1-4886-A461-EB73D006B469}.Release|iPhoneSimulator.ActiveCfg = Release|iPhoneSimulator
		{7CE28B3F-4FE1-4886-A461-EB73D006B469}.Release|iPhoneSimulator.Build.0 = Release|iPhoneSimulator
		{7CE28B3F-4FE1-4886-A461-EB73D006B469}.Debug|iPhone.ActiveCfg = Debug|iPhone
		{7CE28B3F-4FE1-4886-A461-EB73D006B469}.Debug|iPhone.Build.0 = Debug|iPhone
		{1C680001-4BD3-49EA-83A2-CEBF6C18388B}.Debug|Any CPU.ActiveCfg = Debug|Any CPU
		{1C680001-4BD3-49EA-83A2-CEBF6C18388B}.Debug|Any CPU.Build.0 = Debug|Any CPU
		{1C680001-4BD3-49EA-83A2-CEBF6C18388B}.Release|Any CPU.ActiveCfg = Release|Any CPU
		{1C680001-4BD3-49EA-83A2-CEBF6C18388B}.Release|Any CPU.Build.0 = Release|Any CPU
		{1C680001-4BD3-49EA-83A2-CEBF6C18388B}.Debug|iPhoneSimulator.ActiveCfg = Debug|Any CPU
		{1C680001-4BD3-49EA-83A2-CEBF6C18388B}.Debug|iPhoneSimulator.Build.0 = Debug|Any CPU
		{1C680001-4BD3-49EA-83A2-CEBF6C18388B}.Release|iPhone.ActiveCfg = Release|Any CPU
		{1C680001-4BD3-49EA-83A2-CEBF6C18388B}.Release|iPhone.Build.0 = Release|Any CPU
		{1C680001-4BD3-49EA-83A2-CEBF6C18388B}.Release|iPhoneSimulator.ActiveCfg = Release|Any CPU
		{1C680001-4BD3-49EA-83A2-CEBF6C18388B}.Release|iPhoneSimulator.Build.0 = Release|Any CPU
		{1C680001-4BD3-49EA-83A2-CEBF6C18388B}.Debug|iPhone.ActiveCfg = Debug|Any CPU
		{1C680001-4BD3-49EA-83A2-CEBF6C18388B}.Debug|iPhone.Build.0 = Debug|Any CPU
		{2EB43338-4CE4-4D58-856F-5096622A838C}.Debug|Any CPU.ActiveCfg = Debug|Any CPU
		{2EB43338-4CE4-4D58-856F-5096622A838C}.Debug|Any CPU.Build.0 = Debug|Any CPU
		{2EB43338-4CE4-4D58-856F-5096622A838C}.Release|Any CPU.ActiveCfg = Release|Any CPU
		{2EB43338-4CE4-4D58-856F-5096622A838C}.Release|Any CPU.Build.0 = Release|Any CPU
		{2EB43338-4CE4-4D58-856F-5096622A838C}.Debug|iPhoneSimulator.ActiveCfg = Debug|Any CPU
		{2EB43338-4CE4-4D58-856F-5096622A838C}.Debug|iPhoneSimulator.Build.0 = Debug|Any CPU
		{2EB43338-4CE4-4D58-856F-5096622A838C}.Release|iPhone.ActiveCfg = Release|Any CPU
		{2EB43338-4CE4-4D58-856F-5096622A838C}.Release|iPhone.Build.0 = Release|Any CPU
		{2EB43338-4CE4-4D58-856F-5096622A838C}.Release|iPhoneSimulator.ActiveCfg = Release|Any CPU
		{2EB43338-4CE4-4D58-856F-5096622A838C}.Release|iPhoneSimulator.Build.0 = Release|Any CPU
		{2EB43338-4CE4-4D58-856F-5096622A838C}.Debug|iPhone.ActiveCfg = Debug|Any CPU
		{2EB43338-4CE4-4D58-856F-5096622A838C}.Debug|iPhone.Build.0 = Debug|Any CPU
	EndGlobalSection
EndGlobal
